
Microsoft Visual Studio Solution File, Format Version 12.00
# Visual Studio 14
VisualStudioVersion = 14.0.23107.0
MinimumVisualStudioVersion = 10.0.40219.1
Project("{FAE04EC0-301F-11D3-BF4B-00C04F79EFBC}") = "FilmsWebUI", "FilmsWebUI\FilmsWebUI.csproj", "{99F50D2E-06FC-4101-9029-93B62B4D6CF8}"
EndProject
Project("{00D1A9C2-B5F0-4AF3-8072-F6C62B433612}") = "MoviesDB", "MoviesDB\MoviesDB.sqlproj", "{78F902D1-8A14-4A3E-A6B9-9ED62694B79E}"
EndProject
Project("{FAE04EC0-301F-11D3-BF4B-00C04F79EFBC}") = "FilmsBLL", "..\FilmsBLL\FilmsBLL.csproj", "{2713B497-6C7A-4C51-8276-13E0DB1B103D}"
EndProject
Project("{FAE04EC0-301F-11D3-BF4B-00C04F79EFBC}") = "FilmsDAL_EF", "..\FilmsDAL_EF\FilmsDAL_EF.csproj", "{22351B42-3DB1-425B-B626-CEAA7A982AEF}"
EndProject
Global
	GlobalSection(SolutionConfigurationPlatforms) = preSolution
		Debug|Any CPU = Debug|Any CPU
		Release|Any CPU = Release|Any CPU
	EndGlobalSection
	GlobalSection(ProjectConfigurationPlatforms) = postSolution
		{99F50D2E-06FC-4101-9029-93B62B4D6CF8}.Debug|Any CPU.ActiveCfg = Debug|Any CPU
		{99F50D2E-06FC-4101-9029-93B62B4D6CF8}.Debug|Any CPU.Build.0 = Debug|Any CPU
		{99F50D2E-06FC-4101-9029-93B62B4D6CF8}.Release|Any CPU.ActiveCfg = Release|Any CPU
		{99F50D2E-06FC-4101-9029-93B62B4D6CF8}.Release|Any CPU.Build.0 = Release|Any CPU
		{78F902D1-8A14-4A3E-A6B9-9ED62694B79E}.Debug|Any CPU.ActiveCfg = Debug|Any CPU
		{78F902D1-8A14-4A3E-A6B9-9ED62694B79E}.Debug|Any CPU.Build.0 = Debug|Any CPU
		{78F902D1-8A14-4A3E-A6B9-9ED62694B79E}.Debug|Any CPU.Deploy.0 = Debug|Any CPU
		{78F902D1-8A14-4A3E-A6B9-9ED62694B79E}.Release|Any CPU.ActiveCfg = Release|Any CPU
		{78F902D1-8A14-4A3E-A6B9-9ED62694B79E}.Release|Any CPU.Build.0 = Release|Any CPU
		{78F902D1-8A14-4A3E-A6B9-9ED62694B79E}.Release|Any CPU.Deploy.0 = Release|Any CPU
		{2713B497-6C7A-4C51-8276-13E0DB1B103D}.Debug|Any CPU.ActiveCfg = Debug|Any CPU
		{2713B497-6C7A-4C51-8276-13E0DB1B103D}.Debug|Any CPU.Build.0 = Debug|Any CPU
		{2713B497-6C7A-4C51-8276-13E0DB1B103D}.Release|Any CPU.ActiveCfg = Release|Any CPU
		{2713B497-6C7A-4C51-8276-13E0DB1B103D}.Release|Any CPU.Build.0 = Release|Any CPU
		{22351B42-3DB1-425B-B626-CEAA7A982AEF}.Debug|Any CPU.ActiveCfg = Debug|Any CPU
		{22351B42-3DB1-425B-B626-CEAA7A982AEF}.Debug|Any CPU.Build.0 = Debug|Any CPU
		{22351B42-3DB1-425B-B626-CEAA7A982AEF}.Release|Any CPU.ActiveCfg = Release|Any CPU
		{22351B42-3DB1-425B-B626-CEAA7A982AEF}.Release|Any CPU.Build.0 = Release|Any CPU
	EndGlobalSection
	GlobalSection(SolutionProperties) = preSolution
		HideSolutionNode = FALSE
	EndGlobalSection
EndGlobal
